
Microsoft Visual Studio Solution File, Format Version 11.00
# Visual Studio 2010
Project("{FAE04EC0-301F-11D3-BF4B-00C04F79EFBC}") = "XmlRepository", "..\XmlRepository\XmlRepository.csproj", "{78BD1D21-0F16-43E5-AD49-1B0991114D30}"
EndProject
Project("{FAE04EC0-301F-11D3-BF4B-00C04F79EFBC}") = "XmlRepository.UI.Web", "..\XmlRepository.UI.Web\XmlRepository.UI.Web.csproj", "{D3E46600-454D-4B0D-B8E1-F20E7560A833}"
EndProject
Project("{FAE04EC0-301F-11D3-BF4B-00C04F79EFBC}") = "XmlRepository.Tests", "..\XmlRepository.Tests\XmlRepository.Tests.csproj", "{108D8A40-77C6-4749-83D6-32840571EDA2}"
EndProject
Project("{FAE04EC0-301F-11D3-BF4B-00C04F79EFBC}") = "XmlRepository.Contracts", "..\XmlRepository.Contracts\XmlRepository.Contracts.csproj", "{D767D082-CF51-449C-963C-BCBC8CF6BB9E}"
EndProject
Project("{2150E333-8FDC-42A3-9474-1A3956D46DE8}") = "Build Items", "Build Items", "{1373055A-C885-4762-8E4B-4A01190DA072}"
EndProject
Project("{2150E333-8FDC-42A3-9474-1A3956D46DE8}") = "MSBuild", "MSBuild", "{0C494536-CC08-4BCF-A86C-2305A677C52C}"
	ProjectSection(SolutionItems) = preProject
		MSBuild.xml = MSBuild.xml
	EndProjectSection
EndProject
Global
	GlobalSection(SolutionConfigurationPlatforms) = preSolution
		Debug|Any CPU = Debug|Any CPU
		Debug|x86 = Debug|x86
		Release|Any CPU = Release|Any CPU
		Release|x86 = Release|x86
	EndGlobalSection
	GlobalSection(ProjectConfigurationPlatforms) = postSolution
		{78BD1D21-0F16-43E5-AD49-1B0991114D30}.Debug|Any CPU.ActiveCfg = Debug|Any CPU
		{78BD1D21-0F16-43E5-AD49-1B0991114D30}.Debug|Any CPU.Build.0 = Debug|Any CPU
		{78BD1D21-0F16-43E5-AD49-1B0991114D30}.Debug|x86.ActiveCfg = Debug|x86
		{78BD1D21-0F16-43E5-AD49-1B0991114D30}.Debug|x86.Build.0 = Debug|x86
		{78BD1D21-0F16-43E5-AD49-1B0991114D30}.Release|Any CPU.ActiveCfg = Release|Any CPU
		{78BD1D21-0F16-43E5-AD49-1B0991114D30}.Release|Any CPU.Build.0 = Release|Any CPU
		{78BD1D21-0F16-43E5-AD49-1B0991114D30}.Release|x86.ActiveCfg = Release|x86
		{78BD1D21-0F16-43E5-AD49-1B0991114D30}.Release|x86.Build.0 = Release|x86
		{D3E46600-454D-4B0D-B8E1-F20E7560A833}.Debug|Any CPU.ActiveCfg = Debug|Any CPU
		{D3E46600-454D-4B0D-B8E1-F20E7560A833}.Debug|x86.ActiveCfg = Debug|x86
		{D3E46600-454D-4B0D-B8E1-F20E7560A833}.Debug|x86.Build.0 = Debug|x86
		{D3E46600-454D-4B0D-B8E1-F20E7560A833}.Release|Any CPU.ActiveCfg = Release|Any CPU
		{D3E46600-454D-4B0D-B8E1-F20E7560A833}.Release|Any CPU.Build.0 = Release|Any CPU
		{D3E46600-454D-4B0D-B8E1-F20E7560A833}.Release|x86.ActiveCfg = Release|x86
		{D3E46600-454D-4B0D-B8E1-F20E7560A833}.Release|x86.Build.0 = Release|x86
		{108D8A40-77C6-4749-83D6-32840571EDA2}.Debug|Any CPU.ActiveCfg = Debug|Any CPU
		{108D8A40-77C6-4749-83D6-32840571EDA2}.Debug|Any CPU.Build.0 = Debug|Any CPU
		{108D8A40-77C6-4749-83D6-32840571EDA2}.Debug|x86.ActiveCfg = Debug|x86
		{108D8A40-77C6-4749-83D6-32840571EDA2}.Debug|x86.Build.0 = Debug|x86
		{108D8A40-77C6-4749-83D6-32840571EDA2}.Release|Any CPU.ActiveCfg = Release|Any CPU
		{108D8A40-77C6-4749-83D6-32840571EDA2}.Release|Any CPU.Build.0 = Release|Any CPU
		{108D8A40-77C6-4749-83D6-32840571EDA2}.Release|x86.ActiveCfg = Release|x86
		{108D8A40-77C6-4749-83D6-32840571EDA2}.Release|x86.Build.0 = Release|x86
		{D767D082-CF51-449C-963C-BCBC8CF6BB9E}.Debug|Any CPU.ActiveCfg = Debug|Any CPU
		{D767D082-CF51-449C-963C-BCBC8CF6BB9E}.Debug|Any CPU.Build.0 = Debug|Any CPU
		{D767D082-CF51-449C-963C-BCBC8CF6BB9E}.Debug|x86.ActiveCfg = Debug|x86
		{D767D082-CF51-449C-963C-BCBC8CF6BB9E}.Debug|x86.Build.0 = Debug|x86
		{D767D082-CF51-449C-963C-BCBC8CF6BB9E}.Release|Any CPU.ActiveCfg = Release|Any CPU
		{D767D082-CF51-449C-963C-BCBC8CF6BB9E}.Release|Any CPU.Build.0 = Release|Any CPU
		{D767D082-CF51-449C-963C-BCBC8CF6BB9E}.Release|x86.ActiveCfg = Release|x86
		{D767D082-CF51-449C-963C-BCBC8CF6BB9E}.Release|x86.Build.0 = Release|x86
	EndGlobalSection
	GlobalSection(SolutionProperties) = preSolution
		HideSolutionNode = FALSE
	EndGlobalSection
	GlobalSection(NestedProjects) = preSolution
		{0C494536-CC08-4BCF-A86C-2305A677C52C} = {1373055A-C885-4762-8E4B-4A01190DA072}
	EndGlobalSection
EndGlobal
